{
  "requires": true,
  "lockfileVersion": 1,
  "dependencies": {
    "howler": {
      "version": "2.0.7",
      "resolved": "https://registry.npmjs.org/howler/-/howler-2.0.7.tgz",
      "integrity": "sha512-Y4PQdai9BqEPx/iFwA31lVuPnsL2Y/MveQauZkkXveoDcdy5t7Hmhi3HTtT541h9f5oV2kpE4F/DjoaP5pgr6Q=="
    }
  }
}
